
Microsoft Visual Studio Solution File, Format Version 12.00
# Visual Studio Version 16
VisualStudioVersion = 16.0.30804.86
MinimumVisualStudioVersion = 10.0.40219.1
Project("{FAE04EC0-301F-11D3-BF4B-00C04F79EFBC}") = "grpcserver", "grpcserver\grpcserver.csproj", "{FADC5371-9924-410E-8F7C-70639B560160}"
EndProject
Project("{FAE04EC0-301F-11D3-BF4B-00C04F79EFBC}") = "grpcclient", "grpcclient\grpcclient.csproj", "{C0644DE7-AEBC-4B79-9E02-AFD71E88B8DD}"
EndProject
Global
	GlobalSection(SolutionConfigurationPlatforms) = preSolution
		Debug|Any CPU = Debug|Any CPU
		Release|Any CPU = Release|Any CPU
	EndGlobalSection
	GlobalSection(ProjectConfigurationPlatforms) = postSolution
		{FADC5371-9924-410E-8F7C-70639B560160}.Debug|Any CPU.ActiveCfg = Debug|Any CPU
		{FADC5371-9924-410E-8F7C-70639B560160}.Debug|Any CPU.Build.0 = Debug|Any CPU
		{FADC5371-9924-410E-8F7C-70639B560160}.Release|Any CPU.ActiveCfg = Release|Any CPU
		{FADC5371-9924-410E-8F7C-70639B560160}.Release|Any CPU.Build.0 = Release|Any CPU
		{C0644DE7-AEBC-4B79-9E02-AFD71E88B8DD}.Debug|Any CPU.ActiveCfg = Debug|Any CPU
		{C0644DE7-AEBC-4B79-9E02-AFD71E88B8DD}.Debug|Any CPU.Build.0 = Debug|Any CPU
		{C0644DE7-AEBC-4B79-9E02-AFD71E88B8DD}.Release|Any CPU.ActiveCfg = Release|Any CPU
		{C0644DE7-AEBC-4B79-9E02-AFD71E88B8DD}.Release|Any CPU.Build.0 = Release|Any CPU
	EndGlobalSection
	GlobalSection(SolutionProperties) = preSolution
		HideSolutionNode = FALSE
	EndGlobalSection
	GlobalSection(ExtensibilityGlobals) = postSolution
		SolutionGuid = {44D488F7-4734-4A85-93EA-7CE015397D3C}
	EndGlobalSection
EndGlobal
